
Microsoft Visual Studio Solution File, Format Version 12.00
# Visual Studio Version 17
VisualStudioVersion = 17.11.35312.102
MinimumVisualStudioVersion = 10.0.40219.1
Project("{FAE04EC0-301F-11D3-BF4B-00C04F79EFBC}") = "UserInterface", "UserInterface\UserInterface.csproj", "{155FC117-FFB9-42D0-819C-C2BBFEDF3567}"
EndProject
Global
	GlobalSection(SolutionConfigurationPlatforms) = preSolution
		Debug|Any CPU = Debug|Any CPU
		Release|Any CPU = Release|Any CPU
	EndGlobalSection
	GlobalSection(ProjectConfigurationPlatforms) = postSolution
		{155FC117-FFB9-42D0-819C-C2BBFEDF3567}.Debug|Any CPU.ActiveCfg = Debug|Any CPU
		{155FC117-FFB9-42D0-819C-C2BBFEDF3567}.Debug|Any CPU.Build.0 = Debug|Any CPU
		{155FC117-FFB9-42D0-819C-C2BBFEDF3567}.Release|Any CPU.ActiveCfg = Release|Any CPU
		{155FC117-FFB9-42D0-819C-C2BBFEDF3567}.Release|Any CPU.Build.0 = Release|Any CPU
	EndGlobalSection
	GlobalSection(SolutionProperties) = preSolution
		HideSolutionNode = FALSE
	EndGlobalSection
	GlobalSection(ExtensibilityGlobals) = postSolution
		SolutionGuid = {FF02433C-319C-47A4-9DFA-0125E5DDACEF}
	EndGlobalSection
EndGlobal
